dependencies:
- name: online-boutique-common
  repository: oci://us-central1-docker.pkg.dev/project-6b691de7-de66-4961-b80/tanya-domi-online-boutique-microservices
  version: 0.1.1
- name: cartservice
  repository: oci://us-central1-docker.pkg.dev/project-6b691de7-de66-4961-b80/tanya-domi-online-boutique-microservices
  version: 0.1.1
- name: currencyservice
  repository: oci://us-central1-docker.pkg.dev/project-6b691de7-de66-4961-b80/tanya-domi-online-boutique-microservices
  version: 0.1.1
- name: emailservice
  repository: oci://us-central1-docker.pkg.dev/project-6b691de7-de66-4961-b80/tanya-domi-online-boutique-microservices
  version: 0.1.1
- name: recommendationservice
  repository: oci://us-central1-docker.pkg.dev/project-6b691de7-de66-4961-b80/tanya-domi-online-boutique-microservices
  version: 0.1.1
- name: adservice
  repository: oci://us-central1-docker.pkg.dev/project-6b691de7-de66-4961-b80/tanya-domi-online-boutique-microservices
  version: 0.1.1
- name: loadgenerator
  repository: oci://us-central1-docker.pkg.dev/project-6b691de7-de66-4961-b80/tanya-domi-online-boutique-microservices
  version: 0.1.1
- name: checkoutservice
  repository: oci://us-central1-docker.pkg.dev/project-6b691de7-de66-4961-b80/tanya-domi-online-boutique-microservices
  version: 0.1.1
- name: frontend
  repository: oci://us-central1-docker.pkg.dev/project-6b691de7-de66-4961-b80/tanya-domi-online-boutique-microservices
  version: 0.1.1
- name: shippingservice
  repository: oci://us-central1-docker.pkg.dev/project-6b691de7-de66-4961-b80/tanya-domi-online-boutique-microservices
  version: 0.1.1
- name: productcatalogservice
  repository: oci://us-central1-docker.pkg.dev/project-6b691de7-de66-4961-b80/tanya-domi-online-boutique-microservices
  version: 0.1.1
- name: paymentservice
  repository: oci://us-central1-docker.pkg.dev/project-6b691de7-de66-4961-b80/tanya-domi-online-boutique-microservices
  version: 0.1.1
digest: sha256:54854cf0a579dcbd7bb3a88805c326df0dccd5bd8c3a5c8349fe09b53b947ffd
generated: "2026-04-04T10:05:06.906322876+02:00"
